
Microsoft Visual Studio Solution File, Format Version 12.00
# Visual Studio 15
VisualStudioVersion = 15.0.27004.2009
MinimumVisualStudioVersion = 10.0.40219.1
Project("{8BC9CEB8-8B4A-11D0-8D11-00A0C91BC942}") = "DiscordPlugin", "DiscordPlugin.vcxproj", "{192D646D-748B-450B-AF3D-BF8EDD5FC897}"
EndProject
Global
	GlobalSection(SolutionConfigurationPlatforms) = preSolution
		Debug|x64 = Debug|x64
		Debug|x86 = Debug|x86
		Release|x64 = Release|x64
		Release|x86 = Release|x86
	EndGlobalSection
	GlobalSection(ProjectConfigurationPlatforms) = postSolution
		{192D646D-748B-450B-AF3D-BF8EDD5FC897}.Debug|x64.ActiveCfg = Debug|x64
		{192D646D-748B-450B-AF3D-BF8EDD5FC897}.Debug|x64.Build.0 = Debug|x64
		{192D646D-748B-450B-AF3D-BF8EDD5FC897}.Debug|x86.ActiveCfg = Debug|Win32
		{192D646D-748B-450B-AF3D-BF8EDD5FC897}.Debug|x86.Build.0 = Debug|Win32
		{192D646D-748B-450B-AF3D-BF8EDD5FC897}.Release|x64.ActiveCfg = Release|x64
		{192D646D-748B-450B-AF3D-BF8EDD5FC897}.Release|x64.Build.0 = Release|x64
		{192D646D-748B-450B-AF3D-BF8EDD5FC897}.Release|x86.ActiveCfg = Release|Win32
		{192D646D-748B-450B-AF3D-BF8EDD5FC897}.Release|x86.Build.0 = Release|Win32
	EndGlobalSection
	GlobalSection(SolutionProperties) = preSolution
		HideSolutionNode = FALSE
	EndGlobalSection
	GlobalSection(ExtensibilityGlobals) = postSolution
		SolutionGuid = {B06B3B6D-D1FB-486D-B2F1-2FB287BCD80D}
	EndGlobalSection
EndGlobal
